
Microsoft Visual Studio Solution File, Format Version 12.00
# Visual Studio Version 17
VisualStudioVersion = 17.0.32112.339
MinimumVisualStudioVersion = 10.0.40219.1
Project("{FAE04EC0-301F-11D3-BF4B-00C04F79EFBC}") = "10_FunctionalParadigm_LINQ", "10_FunctionalParadigm_LINQ\10_FunctionalParadigm_LINQ.csproj", "{6FAAFC24-2ED8-4422-8624-FC00A811D66E}"
EndProject
Global
	GlobalSection(SolutionConfigurationPlatforms) = preSolution
		Debug|Any CPU = Debug|Any CPU
		Release|Any CPU = Release|Any CPU
	EndGlobalSection
	GlobalSection(ProjectConfigurationPlatforms) = postSolution
		{6FAAFC24-2ED8-4422-8624-FC00A811D66E}.Debug|Any CPU.ActiveCfg = Debug|Any CPU
		{6FAAFC24-2ED8-4422-8624-FC00A811D66E}.Debug|Any CPU.Build.0 = Debug|Any CPU
		{6FAAFC24-2ED8-4422-8624-FC00A811D66E}.Release|Any CPU.ActiveCfg = Release|Any CPU
		{6FAAFC24-2ED8-4422-8624-FC00A811D66E}.Release|Any CPU.Build.0 = Release|Any CPU
	EndGlobalSection
	GlobalSection(SolutionProperties) = preSolution
		HideSolutionNode = FALSE
	EndGlobalSection
	GlobalSection(ExtensibilityGlobals) = postSolution
		SolutionGuid = {78664795-F916-438F-B470-A8468205719F}
	EndGlobalSection
EndGlobal
